
Microsoft Visual Studio Solution File, Format Version 12.00
# Visual Studio Version 17
VisualStudioVersion = 17.7.34031.279
MinimumVisualStudioVersion = 10.0.40219.1
Project("{2150E333-8FDC-42A3-9474-1A3956D46DE8}") = "AzureFunction", "AzureFunction", "{F21B2D4C-D105-4562-8767-B079D2A5DB53}"
EndProject
Project("{9A19103F-16F7-4668-BE54-9A1E7A4F7556}") = "AzureLogicAppWeb", "AzureLogicApp\AzureLogicAppWeb.csproj", "{76C93239-F0FB-41D8-BE28-C62D4479FA8D}"
EndProject
Project("{2150E333-8FDC-42A3-9474-1A3956D46DE8}") = "AzureLogicApp", "AzureLogicApp", "{C644DE93-74F7-4103-B112-B86F2885BB43}"
EndProject
Project("{2150E333-8FDC-42A3-9474-1A3956D46DE8}") = "AzureEntraID", "AzureEntraID", "{925DE78E-D40D-4CB2-8715-3FD57736D545}"
EndProject
Project("{9A19103F-16F7-4668-BE54-9A1E7A4F7556}") = "AzureEntraIDApi", "AzureEntraID\AzureEntraIDApi\AzureEntraIDApi.csproj", "{49BEE5BE-6621-4A58-982E-C56A8B4B54EB}"
EndProject
Project("{9A19103F-16F7-4668-BE54-9A1E7A4F7556}") = "AzureEntraIDWeb", "AzureEntraID\AzureEntraIDWeb\AzureEntraIDWeb.csproj", "{B5622A84-CC99-4111-B23F-747390924789}"
EndProject
Project("{2150E333-8FDC-42A3-9474-1A3956D46DE8}") = "AzureKeyVault", "AzureKeyVault", "{F1ED9C5F-2504-47A2-8074-09DBF1D43DAA}"
EndProject
Project("{9A19103F-16F7-4668-BE54-9A1E7A4F7556}") = "AzureOsmanFunc", "AzureFunction\AzureOsmanFunc\AzureOsmanFunc.csproj", "{F55CBCBA-4237-441B-BE8E-93E8FF6195A1}"
EndProject
Project("{9A19103F-16F7-4668-BE54-9A1E7A4F7556}") = "AzureFunctionWeb", "AzureFunction\AzureFunctionWeb\AzureFunctionWeb.csproj", "{79583EF2-F304-4E24-8404-75C327572A31}"
EndProject
Project("{9A19103F-16F7-4668-BE54-9A1E7A4F7556}") = "AzureKeyVaultWeb", "AzureKeyVault\AppSettingsManagerWeb\AzureKeyVaultWeb.csproj", "{7BA2DEB6-BEBC-4C41-A4C3-4C7243C704CB}"
EndProject
Project("{2150E333-8FDC-42A3-9474-1A3956D46DE8}") = "AzureADB2C", "AzureADB2C", "{40FB55EB-7BE7-48A4-A19C-90A1BA4E5AA5}"
EndProject
Project("{9A19103F-16F7-4668-BE54-9A1E7A4F7556}") = "AzureADB2CWeb", "AzureADB2C\AzureADB2CWeb\AzureADB2CWeb.csproj", "{9F487BBF-590A-4F38-8281-8784E2937D51}"
EndProject
Project("{9A19103F-16F7-4668-BE54-9A1E7A4F7556}") = "AzureADBC2Api", "AzureADB2C\AzureADBC2Api\AzureADBC2Api.csproj", "{022C47A1-F742-4857-829F-8DA55E625907}"
EndProject
Project("{2150E333-8FDC-42A3-9474-1A3956D46DE8}") = "AzureBlobStorage", "AzureBlobStorage", "{87904B39-916B-4A94-8484-3221F9D4839B}"
EndProject
Project("{2150E333-8FDC-42A3-9474-1A3956D46DE8}") = "AzureForRedis", "AzureForRedis", "{F02783D7-1C40-403D-BE68-0812FE10FFFB}"
EndProject
Project("{9A19103F-16F7-4668-BE54-9A1E7A4F7556}") = "AzureBlobProject", "AzureBlobStorage\AzureBlobProject\AzureBlobProject.csproj", "{7C87CEF8-98F9-4380-8307-0B04E6F8D0D7}"
EndProject
Project("{9A19103F-16F7-4668-BE54-9A1E7A4F7556}") = "AzureRedisCacheWeb", "AzureForRedis\AzureRedisCacheWeb\AzureRedisCacheWeb.csproj", "{04E25290-292B-4327-8C56-C7AF93C5F4A0}"
EndProject
Global
	GlobalSection(SolutionConfigurationPlatforms) = preSolution
		Debug|Any CPU = Debug|Any CPU
		Release|Any CPU = Release|Any CPU
	EndGlobalSection
	GlobalSection(ProjectConfigurationPlatforms) = postSolution
		{76C93239-F0FB-41D8-BE28-C62D4479FA8D}.Debug|Any CPU.ActiveCfg = Debug|Any CPU
		{76C93239-F0FB-41D8-BE28-C62D4479FA8D}.Debug|Any CPU.Build.0 = Debug|Any CPU
		{76C93239-F0FB-41D8-BE28-C62D4479FA8D}.Release|Any CPU.ActiveCfg = Release|Any CPU
		{76C93239-F0FB-41D8-BE28-C62D4479FA8D}.Release|Any CPU.Build.0 = Release|Any CPU
		{49BEE5BE-6621-4A58-982E-C56A8B4B54EB}.Debug|Any CPU.ActiveCfg = Debug|Any CPU
		{49BEE5BE-6621-4A58-982E-C56A8B4B54EB}.Debug|Any CPU.Build.0 = Debug|Any CPU
		{49BEE5BE-6621-4A58-982E-C56A8B4B54EB}.Release|Any CPU.ActiveCfg = Release|Any CPU
		{49BEE5BE-6621-4A58-982E-C56A8B4B54EB}.Release|Any CPU.Build.0 = Release|Any CPU
		{B5622A84-CC99-4111-B23F-747390924789}.Debug|Any CPU.ActiveCfg = Debug|Any CPU
		{B5622A84-CC99-4111-B23F-747390924789}.Debug|Any CPU.Build.0 = Debug|Any CPU
		{B5622A84-CC99-4111-B23F-747390924789}.Release|Any CPU.ActiveCfg = Release|Any CPU
		{B5622A84-CC99-4111-B23F-747390924789}.Release|Any CPU.Build.0 = Release|Any CPU
		{F55CBCBA-4237-441B-BE8E-93E8FF6195A1}.Debug|Any CPU.ActiveCfg = Debug|Any CPU
		{F55CBCBA-4237-441B-BE8E-93E8FF6195A1}.Debug|Any CPU.Build.0 = Debug|Any CPU
		{F55CBCBA-4237-441B-BE8E-93E8FF6195A1}.Release|Any CPU.ActiveCfg = Release|Any CPU
		{F55CBCBA-4237-441B-BE8E-93E8FF6195A1}.Release|Any CPU.Build.0 = Release|Any CPU
		{79583EF2-F304-4E24-8404-75C327572A31}.Debug|Any CPU.ActiveCfg = Debug|Any CPU
		{79583EF2-F304-4E24-8404-75C327572A31}.Debug|Any CPU.Build.0 = Debug|Any CPU
		{79583EF2-F304-4E24-8404-75C327572A31}.Release|Any CPU.ActiveCfg = Release|Any CPU
		{79583EF2-F304-4E24-8404-75C327572A31}.Release|Any CPU.Build.0 = Release|Any CPU
		{7BA2DEB6-BEBC-4C41-A4C3-4C7243C704CB}.Debug|Any CPU.ActiveCfg = Debug|Any CPU
		{7BA2DEB6-BEBC-4C41-A4C3-4C7243C704CB}.Debug|Any CPU.Build.0 = Debug|Any CPU
		{7BA2DEB6-BEBC-4C41-A4C3-4C7243C704CB}.Release|Any CPU.ActiveCfg = Release|Any CPU
		{7BA2DEB6-BEBC-4C41-A4C3-4C7243C704CB}.Release|Any CPU.Build.0 = Release|Any CPU
		{9F487BBF-590A-4F38-8281-8784E2937D51}.Debug|Any CPU.ActiveCfg = Debug|Any CPU
		{9F487BBF-590A-4F38-8281-8784E2937D51}.Debug|Any CPU.Build.0 = Debug|Any CPU
		{9F487BBF-590A-4F38-8281-8784E2937D51}.Release|Any CPU.ActiveCfg = Release|Any CPU
		{9F487BBF-590A-4F38-8281-8784E2937D51}.Release|Any CPU.Build.0 = Release|Any CPU
		{022C47A1-F742-4857-829F-8DA55E625907}.Debug|Any CPU.ActiveCfg = Debug|Any CPU
		{022C47A1-F742-4857-829F-8DA55E625907}.Debug|Any CPU.Build.0 = Debug|Any CPU
		{022C47A1-F742-4857-829F-8DA55E625907}.Release|Any CPU.ActiveCfg = Release|Any CPU
		{022C47A1-F742-4857-829F-8DA55E625907}.Release|Any CPU.Build.0 = Release|Any CPU
		{7C87CEF8-98F9-4380-8307-0B04E6F8D0D7}.Debug|Any CPU.ActiveCfg = Debug|Any CPU
		{7C87CEF8-98F9-4380-8307-0B04E6F8D0D7}.Debug|Any CPU.Build.0 = Debug|Any CPU
		{7C87CEF8-98F9-4380-8307-0B04E6F8D0D7}.Release|Any CPU.ActiveCfg = Release|Any CPU
		{7C87CEF8-98F9-4380-8307-0B04E6F8D0D7}.Release|Any CPU.Build.0 = Release|Any CPU
		{04E25290-292B-4327-8C56-C7AF93C5F4A0}.Debug|Any CPU.ActiveCfg = Debug|Any CPU
		{04E25290-292B-4327-8C56-C7AF93C5F4A0}.Debug|Any CPU.Build.0 = Debug|Any CPU
		{04E25290-292B-4327-8C56-C7AF93C5F4A0}.Release|Any CPU.ActiveCfg = Release|Any CPU
		{04E25290-292B-4327-8C56-C7AF93C5F4A0}.Release|Any CPU.Build.0 = Release|Any CPU
	EndGlobalSection
	GlobalSection(SolutionProperties) = preSolution
		HideSolutionNode = FALSE
	EndGlobalSection
	GlobalSection(NestedProjects) = preSolution
		{76C93239-F0FB-41D8-BE28-C62D4479FA8D} = {C644DE93-74F7-4103-B112-B86F2885BB43}
		{49BEE5BE-6621-4A58-982E-C56A8B4B54EB} = {925DE78E-D40D-4CB2-8715-3FD57736D545}
		{B5622A84-CC99-4111-B23F-747390924789} = {925DE78E-D40D-4CB2-8715-3FD57736D545}
		{F55CBCBA-4237-441B-BE8E-93E8FF6195A1} = {F21B2D4C-D105-4562-8767-B079D2A5DB53}
		{79583EF2-F304-4E24-8404-75C327572A31} = {F21B2D4C-D105-4562-8767-B079D2A5DB53}
		{7BA2DEB6-BEBC-4C41-A4C3-4C7243C704CB} = {F1ED9C5F-2504-47A2-8074-09DBF1D43DAA}
		{9F487BBF-590A-4F38-8281-8784E2937D51} = {40FB55EB-7BE7-48A4-A19C-90A1BA4E5AA5}
		{022C47A1-F742-4857-829F-8DA55E625907} = {40FB55EB-7BE7-48A4-A19C-90A1BA4E5AA5}
		{7C87CEF8-98F9-4380-8307-0B04E6F8D0D7} = {87904B39-916B-4A94-8484-3221F9D4839B}
		{04E25290-292B-4327-8C56-C7AF93C5F4A0} = {F02783D7-1C40-403D-BE68-0812FE10FFFB}
	EndGlobalSection
	GlobalSection(ExtensibilityGlobals) = postSolution
		SolutionGuid = {8D6B5AB9-C6B0-4018-8302-31922DF2D496}
	EndGlobalSection
EndGlobal
