
Microsoft Visual Studio Solution File, Format Version 12.00
# Visual Studio Version 17
VisualStudioVersion = 17.7.34031.279
MinimumVisualStudioVersion = 10.0.40219.1
Project("{9A19103F-16F7-4668-BE54-9A1E7A4F7556}") = "AzureBlobProject", "AzureBlobProject\AzureBlobProject.csproj", "{0D29F8B2-CAB5-4488-93C1-5644B2BCF369}"
EndProject
Project("{9A19103F-16F7-4668-BE54-9A1E7A4F7556}") = "AzureFunctionWeb", "AzureFunctionWeb\AzureFunctionWeb.csproj", "{A75D1E20-83C2-47FC-8366-A6CFB7568896}"
EndProject
Project("{2150E333-8FDC-42A3-9474-1A3956D46DE8}") = "AzureFunction", "AzureFunction", "{F21B2D4C-D105-4562-8767-B079D2A5DB53}"
EndProject
Project("{9A19103F-16F7-4668-BE54-9A1E7A4F7556}") = "AzureOsmanFunc", "AzureOsmanFunc\AzureOsmanFunc.csproj", "{0474C172-8EFA-408E-8EE1-693C9E6F29CA}"
EndProject
Project("{9A19103F-16F7-4668-BE54-9A1E7A4F7556}") = "AzureLogicAppWeb", "AzureLogicApp\AzureLogicAppWeb.csproj", "{76C93239-F0FB-41D8-BE28-C62D4479FA8D}"
EndProject
Project("{2150E333-8FDC-42A3-9474-1A3956D46DE8}") = "AzureLogicApp", "AzureLogicApp", "{C644DE93-74F7-4103-B112-B86F2885BB43}"
EndProject
Project("{9A19103F-16F7-4668-BE54-9A1E7A4F7556}") = "AzureRedisCacheWeb", "AzureRedisCacheWeb\AzureRedisCacheWeb.csproj", "{77AD357B-2C91-46FA-BF57-1D16B1E4EAB3}"
EndProject
Project("{9A19103F-16F7-4668-BE54-9A1E7A4F7556}") = "AzureKeyVaultWeb", "AppSettingsManagerWeb\AzureKeyVaultWeb.csproj", "{30EBBA72-F9DA-4E6D-B44D-96152821FE98}"
EndProject
Project("{9A19103F-16F7-4668-BE54-9A1E7A4F7556}") = "AzureADEntraIDWeb", "AzureADEntraIDWeb\AzureADEntraIDWeb.csproj", "{BA722572-8F9C-453F-A6E6-E2BD9FF79B7E}"
EndProject
Project("{2150E333-8FDC-42A3-9474-1A3956D46DE8}") = "AzureEntraID", "AzureEntraID", "{925DE78E-D40D-4CB2-8715-3FD57736D545}"
EndProject
Project("{9A19103F-16F7-4668-BE54-9A1E7A4F7556}") = "AzureEntraIDApi", "AzureEntraIDApi\AzureEntraIDApi.csproj", "{29F0B6E9-9316-4937-8E92-1358EAA4B832}"
EndProject
Project("{FAE04EC0-301F-11D3-BF4B-00C04F79EFBC}") = "AzureADB2CWeb", "AzureADB2CWeb\AzureADB2CWeb.csproj", "{28128B5F-AE4F-4C6C-BAC9-F89F8CAAF480}"
EndProject
Global
	GlobalSection(SolutionConfigurationPlatforms) = preSolution
		Debug|Any CPU = Debug|Any CPU
		Release|Any CPU = Release|Any CPU
	EndGlobalSection
	GlobalSection(ProjectConfigurationPlatforms) = postSolution
		{0D29F8B2-CAB5-4488-93C1-5644B2BCF369}.Debug|Any CPU.ActiveCfg = Debug|Any CPU
		{0D29F8B2-CAB5-4488-93C1-5644B2BCF369}.Debug|Any CPU.Build.0 = Debug|Any CPU
		{0D29F8B2-CAB5-4488-93C1-5644B2BCF369}.Release|Any CPU.ActiveCfg = Release|Any CPU
		{0D29F8B2-CAB5-4488-93C1-5644B2BCF369}.Release|Any CPU.Build.0 = Release|Any CPU
		{A75D1E20-83C2-47FC-8366-A6CFB7568896}.Debug|Any CPU.ActiveCfg = Debug|Any CPU
		{A75D1E20-83C2-47FC-8366-A6CFB7568896}.Debug|Any CPU.Build.0 = Debug|Any CPU
		{A75D1E20-83C2-47FC-8366-A6CFB7568896}.Release|Any CPU.ActiveCfg = Release|Any CPU
		{A75D1E20-83C2-47FC-8366-A6CFB7568896}.Release|Any CPU.Build.0 = Release|Any CPU
		{0474C172-8EFA-408E-8EE1-693C9E6F29CA}.Debug|Any CPU.ActiveCfg = Debug|Any CPU
		{0474C172-8EFA-408E-8EE1-693C9E6F29CA}.Debug|Any CPU.Build.0 = Debug|Any CPU
		{0474C172-8EFA-408E-8EE1-693C9E6F29CA}.Release|Any CPU.ActiveCfg = Release|Any CPU
		{0474C172-8EFA-408E-8EE1-693C9E6F29CA}.Release|Any CPU.Build.0 = Release|Any CPU
		{76C93239-F0FB-41D8-BE28-C62D4479FA8D}.Debug|Any CPU.ActiveCfg = Debug|Any CPU
		{76C93239-F0FB-41D8-BE28-C62D4479FA8D}.Debug|Any CPU.Build.0 = Debug|Any CPU
		{76C93239-F0FB-41D8-BE28-C62D4479FA8D}.Release|Any CPU.ActiveCfg = Release|Any CPU
		{76C93239-F0FB-41D8-BE28-C62D4479FA8D}.Release|Any CPU.Build.0 = Release|Any CPU
		{77AD357B-2C91-46FA-BF57-1D16B1E4EAB3}.Debug|Any CPU.ActiveCfg = Debug|Any CPU
		{77AD357B-2C91-46FA-BF57-1D16B1E4EAB3}.Debug|Any CPU.Build.0 = Debug|Any CPU
		{77AD357B-2C91-46FA-BF57-1D16B1E4EAB3}.Release|Any CPU.ActiveCfg = Release|Any CPU
		{77AD357B-2C91-46FA-BF57-1D16B1E4EAB3}.Release|Any CPU.Build.0 = Release|Any CPU
		{30EBBA72-F9DA-4E6D-B44D-96152821FE98}.Debug|Any CPU.ActiveCfg = Debug|Any CPU
		{30EBBA72-F9DA-4E6D-B44D-96152821FE98}.Debug|Any CPU.Build.0 = Debug|Any CPU
		{30EBBA72-F9DA-4E6D-B44D-96152821FE98}.Release|Any CPU.ActiveCfg = Release|Any CPU
		{30EBBA72-F9DA-4E6D-B44D-96152821FE98}.Release|Any CPU.Build.0 = Release|Any CPU
		{BA722572-8F9C-453F-A6E6-E2BD9FF79B7E}.Debug|Any CPU.ActiveCfg = Debug|Any CPU
		{BA722572-8F9C-453F-A6E6-E2BD9FF79B7E}.Debug|Any CPU.Build.0 = Debug|Any CPU
		{BA722572-8F9C-453F-A6E6-E2BD9FF79B7E}.Release|Any CPU.ActiveCfg = Release|Any CPU
		{BA722572-8F9C-453F-A6E6-E2BD9FF79B7E}.Release|Any CPU.Build.0 = Release|Any CPU
		{29F0B6E9-9316-4937-8E92-1358EAA4B832}.Debug|Any CPU.ActiveCfg = Debug|Any CPU
		{29F0B6E9-9316-4937-8E92-1358EAA4B832}.Debug|Any CPU.Build.0 = Debug|Any CPU
		{29F0B6E9-9316-4937-8E92-1358EAA4B832}.Release|Any CPU.ActiveCfg = Release|Any CPU
		{29F0B6E9-9316-4937-8E92-1358EAA4B832}.Release|Any CPU.Build.0 = Release|Any CPU
		{28128B5F-AE4F-4C6C-BAC9-F89F8CAAF480}.Debug|Any CPU.ActiveCfg = Debug|Any CPU
		{28128B5F-AE4F-4C6C-BAC9-F89F8CAAF480}.Debug|Any CPU.Build.0 = Debug|Any CPU
		{28128B5F-AE4F-4C6C-BAC9-F89F8CAAF480}.Release|Any CPU.ActiveCfg = Release|Any CPU
		{28128B5F-AE4F-4C6C-BAC9-F89F8CAAF480}.Release|Any CPU.Build.0 = Release|Any CPU
	EndGlobalSection
	GlobalSection(SolutionProperties) = preSolution
		HideSolutionNode = FALSE
	EndGlobalSection
	GlobalSection(NestedProjects) = preSolution
		{A75D1E20-83C2-47FC-8366-A6CFB7568896} = {F21B2D4C-D105-4562-8767-B079D2A5DB53}
		{0474C172-8EFA-408E-8EE1-693C9E6F29CA} = {F21B2D4C-D105-4562-8767-B079D2A5DB53}
		{76C93239-F0FB-41D8-BE28-C62D4479FA8D} = {C644DE93-74F7-4103-B112-B86F2885BB43}
		{BA722572-8F9C-453F-A6E6-E2BD9FF79B7E} = {925DE78E-D40D-4CB2-8715-3FD57736D545}
		{29F0B6E9-9316-4937-8E92-1358EAA4B832} = {925DE78E-D40D-4CB2-8715-3FD57736D545}
		{28128B5F-AE4F-4C6C-BAC9-F89F8CAAF480} = {925DE78E-D40D-4CB2-8715-3FD57736D545}
	EndGlobalSection
	GlobalSection(ExtensibilityGlobals) = postSolution
		SolutionGuid = {8D6B5AB9-C6B0-4018-8302-31922DF2D496}
	EndGlobalSection
EndGlobal
